
Microsoft Visual Studio Solution File, Format Version 11.00
# Visual C# Express 2010
Project("{FAE04EC0-301F-11D3-BF4B-00C04F79EFBC}") = "WindowsGame3", "WindowsGame3\WindowsGame3\WindowsGame3.csproj", "{74F595F3-F0A0-4464-ADD6-CD95BC96A887}"
EndProject
Project("{96E2B04D-8817-42C6-938A-82C39BA4D311}") = "WindowsGame3Content", "WindowsGame3\WindowsGame3Content\WindowsGame3Content.contentproj", "{E467D959-ACB6-4245-BFCF-F9A60259DDF9}"
EndProject
Global
	GlobalSection(SolutionConfigurationPlatforms) = preSolution
		Debug|x86 = Debug|x86
		Release|x86 = Release|x86
	EndGlobalSection
	GlobalSection(ProjectConfigurationPlatforms) = postSolution
		{74F595F3-F0A0-4464-ADD6-CD95BC96A887}.Debug|x86.ActiveCfg = Debug|x86
		{74F595F3-F0A0-4464-ADD6-CD95BC96A887}.Debug|x86.Build.0 = Debug|x86
		{74F595F3-F0A0-4464-ADD6-CD95BC96A887}.Release|x86.ActiveCfg = Release|x86
		{74F595F3-F0A0-4464-ADD6-CD95BC96A887}.Release|x86.Build.0 = Release|x86
		{E467D959-ACB6-4245-BFCF-F9A60259DDF9}.Debug|x86.ActiveCfg = Debug|x86
		{E467D959-ACB6-4245-BFCF-F9A60259DDF9}.Release|x86.ActiveCfg = Release|x86
	EndGlobalSection
	GlobalSection(SolutionProperties) = preSolution
		HideSolutionNode = FALSE
	EndGlobalSection
EndGlobal
